// !$*UTF8*$!
{
	archiveVersion = 1;
	classes = {
	};
	objectVersion = 46;
	objects = {

/* Begin PBXBuildFile section */
		D305A0271E84153700AB0C97 /* AppDelegate.swift in Sources */ = {isa = PBXBuildFile; fileRef = D305A0261E84153700AB0C97 /* AppDelegate.swift */; };
		D305A0291E84153700AB0C97 /* ViewController.swift in Sources */ = {isa = PBXBuildFile; fileRef = D305A0281E84153700AB0C97 /* ViewController.swift */; };
		D305A02C1E84153700AB0C97 /* Main.storyboard in Resources */ = {isa = PBXBuildFile; fileRef = D305A02A1E84153700AB0C97 /* Main.storyboard */; };
		D305A02E1E84153700AB0C97 /* Assets.xcassets in Resources */ = {isa = PBXBuildFile; fileRef = D305A02D1E84153700AB0C97 /* Assets.xcassets */; };
		D305A0311E84153700AB0C97 /* LaunchScreen.storyboard in Resources */ = {isa = PBXBuildFile; fileRef = D305A02F1E84153700AB0C97 /* LaunchScreen.storyboard */; };
/* End PBXBuildFile section */

/* Begin PBXFileReference section */
		D305A0231E84153700AB0C97 /* gitDemo.app */ = {isa = PBXFileReference; explicitFileType = wrapper.application; includeInIndex = 0; path = gitDemo.app; sourceTree = BUILT_PRODUCTS_DIR; };
		D305A0261E84153700AB0C97 /* AppDelegate.swift */ = {isa = PBXFileReference; lastKnownFileType = sourcecode.swift; path = AppDelegate.swift; sourceTree = "<group>"; };
		D305A0281E84153700AB0C97 /* ViewController.swift */ = {isa = PBXFileReference; lastKnownFileType = sourcecode.swift; path = ViewController.swift; sourceTree = "<group>"; };
		D305A02B1E84153700AB0C97 /* Base */ = {isa = PBXFileReference; lastKnownFileType = file.storyboard; name = Base; path = Base.lproj/Main.storyboard; sourceTree = "<group>"; };
		D305A02D1E84153700AB0C97 /* Assets.xcassets */ = {isa = PBXFileReference; lastKnownFileType = folder.assetcatalog; path = Assets.xcassets; sourceTree = "<group>"; };
		D305A0301E84153700AB0C97 /* Base */ = {isa = PBXFileReference; lastKnownFileType = file.storyboard; name = Base; path = Base.lproj/LaunchScreen.storyboard; sourceTree = "<group>"; };
		D305A0321E84153700AB0C97 /* Info.plist */ = {isa = PBXFileReference; lastKnownFileType = text.plist.xml; path = Info.plist; sourceTree = "<group>"; };
/* End PBXFileReference section */

/* Begin PBXFrameworksBuildPhase section */
		D305A0201E84153700AB0C97 /* Frameworks */ = {
			isa = PBXFrameworksBuildPhase;
			buildActionMask = 2147483647;
			files = (
			);
			runOnlyForDeploymentPostprocessing = 0;
		};
/* End PBXFrameworksBuildPhase section */

/* Begin PBXGroup section */
		D305A01A1E84153700AB0C97 = {
			isa = PBXGroup;
			children = (
				D305A0251E84153700AB0C97 /* gitDemo */,
				D305A0241E84153700AB0C97 /* Products */,
			);
			sourceTree = "<group>";
		};
		D305A0241E84153700AB0C97 /* Products */ = {
			isa = PBXGroup;
			children = (
				D305A0231E84153700AB0C97 /* gitDemo.app */,
			);
			name = Products;
			sourceTree = "<group>";
		};
		D305A0251E84153700AB0C97 /* gitDemo */ = {
			isa = PBXGroup;
			children = (
				D305A0261E84153700AB0C97 /* AppDelegate.swift */,
				D305A0281E84153700AB0C97 /* ViewController.swift */,
				D305A02A1E84153700AB0C97 /* Main.storyboard */,
				D305A02D1E84153700AB0C97 /* Assets.xcassets */,
				D305A02F1E84153700AB0C97 /* LaunchScreen.storyboard */,
				D305A0321E84153700AB0C97 /* Info.plist */,
			);
			path = gitDemo;
			sourceTree = "<group>";
		};
/* End PBXGroup section */

/* Begin PBXNativeTarget section */
		D305A0221E84153700AB0C97 /* gitDemo */ = {
			isa = PBXNativeTarget;
			buildConfigurationList = D305A0351E84153700AB0C97 /* Build configuration list for PBXNativeTarget "gitDemo" */;
			buildPhases = (
				D305A01F1E84153700AB0C97 /* Sources */,
				D305A0201E84153700AB0C97 /* Frameworks */,
				D305A0211E84153700AB0C97 /* Resources */,
			);
			buildRules = (
			);
			dependencies = (
			);
			name = gitDemo;
			productName = gitDemo;
			productReference = D305A0231E84153700AB0C97 /* gitDemo.app */;
			productType = "com.apple.product-type.application";
		};
/* End PBXNativeTarget section */

/* Begin PBXProject section */
		D305A01B1E84153700AB0C97 /* Project object */ = {
			isa = PBXProject;
			attributes = {
				LastSwiftUpdateCheck = 0820;
				LastUpgradeCheck = 0820;
				ORGANIZATIONNAME = "Brian Mason";
				TargetAttributes = {
					D305A0221E84153700AB0C97 = {
						CreatedOnToolsVersion = 8.2.1;
						DevelopmentTeam = J82A72KAS2;
						ProvisioningStyle = Automatic;
					};
				};
			};
			buildConfigurationList = D305A01E1E84153700AB0C97 /* Build configuration list for PBXProject "gitDemo" */;
			compatibilityVersion = "Xcode 3.2";
			developmentRegion = English;
			hasScannedForEncodings = 0;
			knownRegions = (
				en,
				Base,
			);
			mainGroup = D305A01A1E84153700AB0C97;
			productRefGroup = D305A0241E84153700AB0C97 /* Products */;
			projectDirPath = "";
			projectRoot = "";
			targets = (
				D305A0221E84153700AB0C97 /* gitDemo */,
			);
		};
/* End PBXProject section */

/* Begin PBXResourcesBuildPhase section */
		D305A0211E84153700AB0C97 /* Resources */ = {
			isa = PBXResourcesBuildPhase;
			buildActionMask = 2147483647;
			files = (
				D305A0311E84153700AB0C97 /* LaunchScreen.storyboard in Resources */,
				D305A02E1E84153700AB0C97 /* Assets.xcassets in Resources */,
				D305A02C1E84153700AB0C97 /* Main.storyboard in Resources */,
			);
			runOnlyForDeploymentPostprocessing = 0;
		};
/* End PBXResourcesBuildPhase section */

/* Begin PBXSourcesBuildPhase section */
		D305A01F1E84153700AB0C97 /* Sources */ = {
			isa = PBXSourcesBuildPhase;
			buildActionMask = 2147483647;
			files = (
				D305A0291E84153700AB0C97 /* ViewController.swift in Sources */,
				D305A0271E84153700AB0C97 /* AppDelegate.swift in Sources */,
			);
			runOnlyForDeploymentPostprocessing = 0;
		};
/* End PBXSourcesBuildPhase section */

/* Begin PBXVariantGroup section */
		D305A02A1E84153700AB0C97 /* Main.storyboard */ = {
			isa = PBXVariantGroup;
			children = (
				D305A02B1E84153700AB0C97 /* Base */,
			);
			name = Main.storyboard;
			sourceTree = "<group>";
		};
		D305A02F1E84153700AB0C97 /* LaunchScreen.storyboard */ = {
			isa = PBXVariantGroup;
			children = (
				D305A0301E84153700AB0C97 /* Base */,
			);
			name = LaunchScreen.storyboard;
			sourceTree = "<group>";
		};
/* End PBXVariantGroup section */

/* Begin XCBuildConfiguration section */
		D305A0331E84153700AB0C97 /* Debug */ = {
			isa = XCBuildConfiguration;
			buildSettings = {
				ALWAYS_SEARCH_USER_PATHS = NO;
				CLANG_ANALYZER_NONNULL = YES;
				CLANG_CXX_LANGUAGE_STANDARD = "gnu++0x";
				CLANG_CXX_LIBRARY = "libc++";
				CLANG_ENABLE_MODULES = YES;
				CLANG_ENABLE_OBJC_ARC = YES;
				CLANG_WARN_BOOL_CONVERSION = YES;
				CLANG_WARN_CONSTANT_CONVERSION = YES;
				CLANG_WARN_DIRECT_OBJC_ISA_USAGE = YES_ERROR;
				CLANG_WARN_DOCUMENTATION_COMMENTS = YES;
				CLANG_WARN_EMPTY_BODY = YES;
				CLANG_WARN_ENUM_CONVERSION = YES;
				CLANG_WARN_INFINITE_RECURSION = YES;
				CLANG_WARN_INT_CONVERSION = YES;
				CLANG_WARN_OBJC_ROOT_CLASS = YES_ERROR;
				CLANG_WARN_SUSPICIOUS_MOVE = YES;
				CLANG_WARN_UNREACHABLE_CODE = YES;
				CLANG_WARN__DUPLICATE_METHOD_MATCH = YES;
				"CODE_SIGN_IDENTITY[sdk=iphoneos*]" = "iPhone Developer";
				COPY_PHASE_STRIP = NO;
				DEBUG_INFORMATION_FORMAT = dwarf;
				ENABLE_STRICT_OBJC_MSGSEND = YES;
				ENABLE_TESTABILITY = YES;
				GCC_C_LANGUAGE_STANDARD = gnu99;
				GCC_DYNAMIC_NO_PIC = NO;
				GCC_NO_COMMON_BLOCKS = YES;
				GCC_OPTIMIZATION_LEVEL = 0;
				GCC_PREPROCESSOR_DEFINITIONS = (
					"DEBUG=1",
					"$(inherited)",
				);
				GCC_WARN_64_TO_32_BIT_CONVERSION = YES;
				GCC_WARN_ABOUT_RETURN_TYPE = YES_ERROR;
				GCC_WARN_UNDECLARED_SELECTOR = YES;
				GCC_WARN_UNINITIALIZED_AUTOS = YES_AGGRESSIVE;
				GCC_WARN_UNUSED_FUNCTION = YES;
				GCC_WARN_UNUSED_VARIABLE = YES;
				IPHONEOS_DEPLOYMENT_TARGET = 10.2;
				MTL_ENABLE_DEBUG_INFO = YES;
				ONLY_ACTIVE_ARCH = YES;
				SDKROOT = iphoneos;
				SWIFT_ACTIVE_COMPILATION_CONDITIONS = DEBUG;
				SWIFT_OPTIMIZATION_LEVEL = "-Onone";
			};
			name = Debug;
		};
		D305A0341E84153700AB0C97 /* Release */ = {
			isa = XCBuildConfiguration;
			buildSettings = {
				ALWAYS_SEARCH_USER_PATHS = NO;
				CLANG_ANALYZER_NONNULL = YES;
				CLANG_CXX_LANGUAGE_STANDARD = "gnu++0x";
				CLANG_CXX_LIBRARY = "libc++";
				CLANG_ENABLE_MODULES = YES;
				CLANG_ENABLE_OBJC_ARC = YES;
				CLANG_WARN_BOOL_CONVERSION = YES;
				CLANG_WARN_CONSTANT_CONVERSION = YES;
				CLANG_WARN_DIRECT_OBJC_ISA_USAGE = YES_ERROR;
				CLANG_WARN_DOCUMENTATION_COMMENTS = YES;
				CLANG_WARN_EMPTY_BODY = YES;
				CLANG_WARN_ENUM_CONVERSION = YES;
				CLANG_WARN_INFINITE_RECURSION = YES;
				CLANG_WARN_INT_CONVERSION = YES;
				CLANG_WARN_OBJC_ROOT_CLASS = YES_ERROR;
				CLANG_WARN_SUSPICIOUS_MOVE = YES;
				CLANG_WARN_UNREACHABLE_CODE = YES;
				CLANG_WARN__DUPLICATE_METHOD_MATCH = YES;
				"CODE_SIGN_IDENTITY[sdk=iphoneos*]" = "iPhone Developer";
				COPY_PHASE_STRIP = NO;
				DEBUG_INFORMATION_FORMAT = "dwarf-with-dsym";
				ENABLE_NS_ASSERTIONS = NO;
				ENABLE_STRICT_OBJC_MSGSEND = YES;
				GCC_C_LANGUAGE_STANDARD = gnu99;
				GCC_NO_COMMON_BLOCKS = YES;
				GCC_WARN_64_TO_32_BIT_CONVERSION = YES;
				GCC_WARN_ABOUT_RETURN_TYPE = YES_ERROR;
				GCC_WARN_UNDECLARED_SELECTOR = YES;
				GCC_WARN_UNINITIALIZED_AUTOS = YES_AGGRESSIVE;
				GCC_WARN_UNUSED_FUNCTION = YES;
				GCC_WARN_UNUSED_VARIABLE = YES;
				IPHONEOS_DEPLOYMENT_TARGET = 10.2;
				MTL_ENABLE_DEBUG_INFO = NO;
				SDKROOT = iphoneos;
				SWIFT_OPTIMIZATION_LEVEL = "-Owholemodule";
				VALIDATE_PRODUCT = YES;
			};
			name = Release;
		};
		D305A0361E84153700AB0C97 /* Debug */ = {
			isa = XCBuildConfiguration;
			buildSettings = {
				ASSETCATALOG_COMPILER_APPICON_NAME = AppIcon;
				DEVELOPMENT_TEAM = J82A72KAS2;
				INFOPLIST_FILE = gitDemo/Info.plist;
				LD_RUNPATH_SEARCH_PATHS = "$(inherited) @executable_path/Frameworks";
				PRODUCT_BUNDLE_IDENTIFIER = com.masonandmuse.gitDemo;
				PRODUCT_NAME = "$(TARGET_NAME)";
				SWIFT_VERSION = 3.0;
			};
			name = Debug;
		};
		D305A0371E84153700AB0C97 /* Release */ = {
			isa = XCBuildConfiguration;
			buildSettings = {
				ASSETCATALOG_COMPILER_APPICON_NAME = AppIcon;
				DEVELOPMENT_TEAM = J82A72KAS2;
				INFOPLIST_FILE = gitDemo/Info.plist;
				LD_RUNPATH_SEARCH_PATHS = "$(inherited) @executable_path/Frameworks";
				PRODUCT_BUNDLE_IDENTIFIER = com.masonandmuse.gitDemo;
				PRODUCT_NAME = "$(TARGET_NAME)";
				SWIFT_VERSION = 3.0;
			};
			name = Release;
		};
/* End XCBuildConfiguration section */

/* Begin XCConfigurationList section */
		D305A01E1E84153700AB0C97 /* Build configuration list for PBXProject "gitDemo" */ = {
			isa = XCConfigurationList;
			buildConfigurations = (
				D305A0331E84153700AB0C97 /* Debug */,
				D305A0341E84153700AB0C97 /* Release */,
			);
			defaultConfigurationIsVisible = 0;
			defaultConfigurationName = Release;
		};
		D305A0351E84153700AB0C97 /* Build configuration list for PBXNativeTarget "gitDemo" */ = {
			isa = XCConfigurationList;
			buildConfigurations = (
				D305A0361E84153700AB0C97 /* Debug */,
				D305A0371E84153700AB0C97 /* Release */,
			);
			defaultConfigurationIsVisible = 0;
		};
/* End XCConfigurationList section */
	};
	rootObject = D305A01B1E84153700AB0C97 /* Project object */;
}
